
Microsoft Visual Studio Solution File, Format Version 12.00
# Visual Studio 15
Project("{FAE04EC0-301F-11D3-BF4B-00C04F79EFBC}") = "Movella.Xsens.Editor", "Movella.Xsens.Editor.csproj", "{0C7F851D-9ADE-4EBD-BAB4-516E07924D7C}"
EndProject
Project("{FAE04EC0-301F-11D3-BF4B-00C04F79EFBC}") = "Movella.Xsens", "Movella.Xsens.csproj", "{143E2ACE-C656-6548-1F6B-0018437010F3}"
EndProject
Project("{FAE04EC0-301F-11D3-BF4B-00C04F79EFBC}") = "Assembly-CSharp", "Assembly-CSharp.csproj", "{32C3BDE6-E125-3128-82C1-25D0441455A3}"
EndProject
Global
	GlobalSection(SolutionConfigurationPlatforms) = preSolution
		Debug|Any CPU = Debug|Any CPU
		Release|Any CPU = Release|Any CPU
	EndGlobalSection
	GlobalSection(ProjectConfigurationPlatforms) = postSolution
		{0C7F851D-9ADE-4EBD-BAB4-516E07924D7C}.Debug|Any CPU.ActiveCfg = Debug|Any CPU
		{0C7F851D-9ADE-4EBD-BAB4-516E07924D7C}.Debug|Any CPU.Build.0 = Debug|Any CPU
		{0C7F851D-9ADE-4EBD-BAB4-516E07924D7C}.Release|Any CPU.ActiveCfg = Release|Any CPU
		{0C7F851D-9ADE-4EBD-BAB4-516E07924D7C}.Release|Any CPU.Build.0 = Release|Any CPU
		{143E2ACE-C656-6548-1F6B-0018437010F3}.Debug|Any CPU.ActiveCfg = Debug|Any CPU
		{143E2ACE-C656-6548-1F6B-0018437010F3}.Debug|Any CPU.Build.0 = Debug|Any CPU
		{143E2ACE-C656-6548-1F6B-0018437010F3}.Release|Any CPU.ActiveCfg = Release|Any CPU
		{143E2ACE-C656-6548-1F6B-0018437010F3}.Release|Any CPU.Build.0 = Release|Any CPU
		{32C3BDE6-E125-3128-82C1-25D0441455A3}.Debug|Any CPU.ActiveCfg = Debug|Any CPU
		{32C3BDE6-E125-3128-82C1-25D0441455A3}.Debug|Any CPU.Build.0 = Debug|Any CPU
		{32C3BDE6-E125-3128-82C1-25D0441455A3}.Release|Any CPU.ActiveCfg = Release|Any CPU
		{32C3BDE6-E125-3128-82C1-25D0441455A3}.Release|Any CPU.Build.0 = Release|Any CPU
	EndGlobalSection
	GlobalSection(SolutionProperties) = preSolution
		HideSolutionNode = FALSE
	EndGlobalSection
EndGlobal
